
Microsoft Visual Studio Solution File, Format Version 12.00
# Visual Studio 14
VisualStudioVersion = 14.0.25420.1
MinimumVisualStudioVersion = 10.0.40219.1
Project("{8BC9CEB8-8B4A-11D0-8D11-00A0C91BC942}") = "Client", "Client\Default\Client.vcxproj", "{94A21917-AEDA-40F6-BCAC-CEA8FA76B8E2}"
EndProject
Project("{8BC9CEB8-8B4A-11D0-8D11-00A0C91BC942}") = "Engine", "Engine\Default\Engine.vcxproj", "{6297E36A-47C3-41EF-9FCC-4D39A8D70FCE}"
EndProject
Project("{8BC9CEB8-8B4A-11D0-8D11-00A0C91BC942}") = "Tool", "Tool\Default\Tool.vcxproj", "{920CC9FE-A1FA-4744-BF0B-E98A7527CFD5}"
EndProject
Global
	GlobalSection(SolutionConfigurationPlatforms) = preSolution
		Debug|x64 = Debug|x64
		Debug|x86 = Debug|x86
		Release|x64 = Release|x64
		Release|x86 = Release|x86
	EndGlobalSection
	GlobalSection(ProjectConfigurationPlatforms) = postSolution
		{94A21917-AEDA-40F6-BCAC-CEA8FA76B8E2}.Debug|x64.ActiveCfg = Debug|x64
		{94A21917-AEDA-40F6-BCAC-CEA8FA76B8E2}.Debug|x64.Build.0 = Debug|x64
		{94A21917-AEDA-40F6-BCAC-CEA8FA76B8E2}.Debug|x86.ActiveCfg = Debug|Win32
		{94A21917-AEDA-40F6-BCAC-CEA8FA76B8E2}.Debug|x86.Build.0 = Debug|Win32
		{94A21917-AEDA-40F6-BCAC-CEA8FA76B8E2}.Release|x64.ActiveCfg = Release|x64
		{94A21917-AEDA-40F6-BCAC-CEA8FA76B8E2}.Release|x64.Build.0 = Release|x64
		{94A21917-AEDA-40F6-BCAC-CEA8FA76B8E2}.Release|x86.ActiveCfg = Release|Win32
		{94A21917-AEDA-40F6-BCAC-CEA8FA76B8E2}.Release|x86.Build.0 = Release|Win32
		{6297E36A-47C3-41EF-9FCC-4D39A8D70FCE}.Debug|x64.ActiveCfg = Debug|x64
		{6297E36A-47C3-41EF-9FCC-4D39A8D70FCE}.Debug|x64.Build.0 = Debug|x64
		{6297E36A-47C3-41EF-9FCC-4D39A8D70FCE}.Debug|x86.ActiveCfg = Debug|Win32
		{6297E36A-47C3-41EF-9FCC-4D39A8D70FCE}.Debug|x86.Build.0 = Debug|Win32
		{6297E36A-47C3-41EF-9FCC-4D39A8D70FCE}.Release|x64.ActiveCfg = Release|x64
		{6297E36A-47C3-41EF-9FCC-4D39A8D70FCE}.Release|x64.Build.0 = Release|x64
		{6297E36A-47C3-41EF-9FCC-4D39A8D70FCE}.Release|x86.ActiveCfg = Release|Win32
		{6297E36A-47C3-41EF-9FCC-4D39A8D70FCE}.Release|x86.Build.0 = Release|Win32
		{920CC9FE-A1FA-4744-BF0B-E98A7527CFD5}.Debug|x64.ActiveCfg = Debug|x64
		{920CC9FE-A1FA-4744-BF0B-E98A7527CFD5}.Debug|x64.Build.0 = Debug|x64
		{920CC9FE-A1FA-4744-BF0B-E98A7527CFD5}.Debug|x86.ActiveCfg = Debug|Win32
		{920CC9FE-A1FA-4744-BF0B-E98A7527CFD5}.Debug|x86.Build.0 = Debug|Win32
		{920CC9FE-A1FA-4744-BF0B-E98A7527CFD5}.Release|x64.ActiveCfg = Release|x64
		{920CC9FE-A1FA-4744-BF0B-E98A7527CFD5}.Release|x64.Build.0 = Release|x64
		{920CC9FE-A1FA-4744-BF0B-E98A7527CFD5}.Release|x86.ActiveCfg = Release|Win32
		{920CC9FE-A1FA-4744-BF0B-E98A7527CFD5}.Release|x86.Build.0 = Release|Win32
	EndGlobalSection
	GlobalSection(SolutionProperties) = preSolution
		HideSolutionNode = FALSE
	EndGlobalSection
EndGlobal
